
Microsoft Visual Studio Solution File, Format Version 12.00
# Visual Studio Version 17
VisualStudioVersion = 17.11.35431.28
MinimumVisualStudioVersion = 10.0.40219.1
Project("{FAE04EC0-301F-11D3-BF4B-00C04F79EFBC}") = "TestColladaToObj", "TestColladaToObj\TestColladaToObj.csproj", "{8EF17BD5-2042-4B09-AC90-114742892C3A}"
EndProject
Project("{FAE04EC0-301F-11D3-BF4B-00C04F79EFBC}") = "TestColladaToObjProCoreHost", "TestColladaToObjProCoreHost\TestColladaToObjProCoreHost.csproj", "{A132D62F-3538-4F5F-A737-F277B5858AE8}"
EndProject
Global
	GlobalSection(SolutionConfigurationPlatforms) = preSolution
		Debug|Any CPU = Debug|Any CPU
		Release|Any CPU = Release|Any CPU
	EndGlobalSection
	GlobalSection(ProjectConfigurationPlatforms) = postSolution
		{8EF17BD5-2042-4B09-AC90-114742892C3A}.Debug|Any CPU.ActiveCfg = Debug|Any CPU
		{8EF17BD5-2042-4B09-AC90-114742892C3A}.Debug|Any CPU.Build.0 = Debug|Any CPU
		{8EF17BD5-2042-4B09-AC90-114742892C3A}.Release|Any CPU.ActiveCfg = Release|Any CPU
		{8EF17BD5-2042-4B09-AC90-114742892C3A}.Release|Any CPU.Build.0 = Release|Any CPU
		{A132D62F-3538-4F5F-A737-F277B5858AE8}.Debug|Any CPU.ActiveCfg = Debug|Any CPU
		{A132D62F-3538-4F5F-A737-F277B5858AE8}.Debug|Any CPU.Build.0 = Debug|Any CPU
		{A132D62F-3538-4F5F-A737-F277B5858AE8}.Release|Any CPU.ActiveCfg = Release|Any CPU
		{A132D62F-3538-4F5F-A737-F277B5858AE8}.Release|Any CPU.Build.0 = Release|Any CPU
	EndGlobalSection
	GlobalSection(SolutionProperties) = preSolution
		HideSolutionNode = FALSE
	EndGlobalSection
	GlobalSection(ExtensibilityGlobals) = postSolution
		SolutionGuid = {2818DD9E-B442-471A-AF06-24313F1EA3F9}
	EndGlobalSection
EndGlobal
